lockfileVersion: 5.3

specifiers:
  '@types/node': ^17.0.23
  imagescript: github:matmen/ImageScript
  node-fetch: ^3.2.3
  typescript: ^4.6.3

dependencies:
  '@types/node': 17.0.23
  imagescript: github.com/matmen/ImageScript/85cd139474b567fdb6dd0b3d74adf67f0bcea686
  node-fetch: 3.2.3

devDependencies:
  typescript: 4.6.3

packages:

  /@types/node/17.0.23:
    resolution: {integrity: sha512-UxDxWn7dl97rKVeVS61vErvw086aCYhDLyvRQZ5Rk65rZKepaFdm53GeqXaKBuOhED4e9uWq34IC3TdSdJJ2Gw==}
    dev: false

  /data-uri-to-buffer/4.0.0:
    resolution: {integrity: sha512-Vr3mLBA8qWmcuschSLAOogKgQ/Jwxulv3RNE4FXnYWRGujzrRWQI4m12fQqRkwX06C0KanhLr4hK+GydchZsaA==}
    engines: {node: '>= 12'}
    dev: false

  /fetch-blob/3.1.5:
    resolution: {integrity: sha512-N64ZpKqoLejlrwkIAnb9iLSA3Vx/kjgzpcDhygcqJ2KKjky8nCgUQ+dzXtbrLaWZGZNmNfQTsiQ0weZ1svglHg==}
    engines: {node: ^12.20 || >= 14.13}
    dependencies:
      node-domexception: 1.0.0
      web-streams-polyfill: 3.2.0
    dev: false

  /formdata-polyfill/4.0.10:
    resolution: {integrity: sha512-buewHzMvYL29jdeQTVILecSaZKnt/RJWjoZCF5OW60Z67/GmSLBkOFM7qh1PI3zFNtJbaZL5eQu1vLfazOwj4g==}
    engines: {node: '>=12.20.0'}
    dependencies:
      fetch-blob: 3.1.5
    dev: false

  /node-domexception/1.0.0:
    resolution: {integrity: sha512-/jKZoMpw0F8GRwl4/eLROPA3cfcXtLApP0QzLmUT/HuPCZWyB7IY9ZrMeKw2O/nFIqPQB3PVM9aYm0F312AXDQ==}
    engines: {node: '>=10.5.0'}
    dev: false

  /node-fetch/3.2.3:
    resolution: {integrity: sha512-AXP18u4pidSZ1xYXRDPY/8jdv3RAozIt/WLNR/MBGZAz+xjtlr90RvCnsvHQRiXyWliZF/CpytExp32UU67/SA==}
    engines: {node: ^12.20.0 || ^14.13.1 || >=16.0.0}
    dependencies:
      data-uri-to-buffer: 4.0.0
      fetch-blob: 3.1.5
      formdata-polyfill: 4.0.10
    dev: false

  /typescript/4.6.3:
    resolution: {integrity: sha512-yNIatDa5iaofVozS/uQJEl3JRWLKKGJKh6Yaiv0GLGSuhpFJe7P3SbHZ8/yjAHRQwKRoA6YZqlfjXWmVzoVSMw==}
    engines: {node: '>=4.2.0'}
    hasBin: true
    dev: true

  /web-streams-polyfill/3.2.0:
    resolution: {integrity: sha512-EqPmREeOzttaLRm5HS7io98goBgZ7IVz79aDvqjD0kYXLtFZTc0T/U6wHTPKyIjb+MdN7DFIIX6hgdBEpWmfPA==}
    engines: {node: '>= 8'}
    dev: false

  github.com/matmen/ImageScript/85cd139474b567fdb6dd0b3d74adf67f0bcea686:
    resolution: {tarball: https://codeload.github.com/matmen/ImageScript/tar.gz/85cd139474b567fdb6dd0b3d74adf67f0bcea686}
    name: imagescript
    version: 1.2.9
    engines: {node: '>=14.0.0'}
    dev: false
