lockfileVersion: 5.3

specifiers:
  '@types/node': ^17.0.27
  imagescript: github:matmen/ImageScript
  phin: ^3.6.1
  typescript: ^4.6.3

dependencies:
  imagescript: github.com/matmen/ImageScript/85cd139474b567fdb6dd0b3d74adf67f0bcea686
  phin: 3.6.1

devDependencies:
  '@types/node': 17.0.27
  typescript: 4.6.3

packages:

  /@types/node/17.0.27:
    resolution: {integrity: sha512-4/Ke7bbWOasuT3kceBZFGakP1dYN2XFd8v2l9bqF2LNWrmeU07JLpp56aEeG6+Q3olqO5TvXpW0yaiYnZJ5CXg==}
    dev: true

  /centra/2.5.0:
    resolution: {integrity: sha512-CnSF1HD8vOOgNbE4P2fZEhdhfAohvpcF3DSdSvEcSHDAZvr+Xfw73isT8SXJJc3VMBqSwjXhr29/ikHUgFcypg==}
    dev: false

  /phin/3.6.1:
    resolution: {integrity: sha512-ubcFKk2jRr2WUJEh+QpMkCgOQansJDuIShKbsjpejeyI/aOMLrAf0TaisbMjKwTq9CsypFFJqUaN9ZSRmBJLPw==}
    engines: {node: '>= 8'}
    dependencies:
      centra: 2.5.0
    dev: false

  /typescript/4.6.3:
    resolution: {integrity: sha512-yNIatDa5iaofVozS/uQJEl3JRWLKKGJKh6Yaiv0GLGSuhpFJe7P3SbHZ8/yjAHRQwKRoA6YZqlfjXWmVzoVSMw==}
    engines: {node: '>=4.2.0'}
    hasBin: true
    dev: true

  github.com/matmen/ImageScript/85cd139474b567fdb6dd0b3d74adf67f0bcea686:
    resolution: {tarball: https://codeload.github.com/matmen/ImageScript/tar.gz/85cd139474b567fdb6dd0b3d74adf67f0bcea686}
    name: imagescript
    version: 1.2.9
    engines: {node: '>=14.0.0'}
    dev: false
